// !$*UTF8*$!
{
	archiveVersion = 1;
	classes = {
	};
	objectVersion = 48;
	objects = {

/* Begin PBXBuildFile section */
		4D1A771D2052C2DD00162459 /* AppDelegate.swift in Sources */ = {isa = PBXBuildFile; fileRef = 4D1A771C2052C2DD00162459 /* AppDelegate.swift */; };
		4D1A771F2052C2DD00162459 /* ExploreController.swift in Sources */ = {isa = PBXBuildFile; fileRef = 4D1A771E2052C2DD00162459 /* ExploreController.swift */; };
		4D1A77212052C2DD00162459 /* SecondViewController.swift in Sources */ = {isa = PBXBuildFile; fileRef = 4D1A77202052C2DD00162459 /* SecondViewController.swift */; };
		4D1A77242052C2DD00162459 /* Main.storyboard in Resources */ = {isa = PBXBuildFile; fileRef = 4D1A77222052C2DD00162459 /* Main.storyboard */; };
		4D1A77262052C2DD00162459 /* Assets.xcassets in Resources */ = {isa = PBXBuildFile; fileRef = 4D1A77252052C2DD00162459 /* Assets.xcassets */; };
		4D1A77292052C2DD00162459 /* LaunchScreen.storyboard in Resources */ = {isa = PBXBuildFile; fileRef = 4D1A77272052C2DD00162459 /* LaunchScreen.storyboard */; };
		4DAE990A205431C4004EC74B /* Course.xib in Resources */ = {isa = PBXBuildFile; fileRef = 4DAE9909205431C4004EC74B /* Course.xib */; };
		4DAE990C205434B6004EC74B /* CourseCell.swift in Sources */ = {isa = PBXBuildFile; fileRef = 4DAE990B205434B6004EC74B /* CourseCell.swift */; };
/* End PBXBuildFile section */

/* Begin PBXFileReference section */
		4D1A77192052C2DD00162459 /* Mimo.app */ = {isa = PBXFileReference; explicitFileType = wrapper.application; includeInIndex = 0; path = Mimo.app; sourceTree = BUILT_PRODUCTS_DIR; };
		4D1A771C2052C2DD00162459 /* AppDelegate.swift */ = {isa = PBXFileReference; lastKnownFileType = sourcecode.swift; path = AppDelegate.swift; sourceTree = "<group>"; };
		4D1A771E2052C2DD00162459 /* ExploreController.swift */ = {isa = PBXFileReference; lastKnownFileType = sourcecode.swift; path = ExploreController.swift; sourceTree = "<group>"; };
		4D1A77202052C2DD00162459 /* SecondViewController.swift */ = {isa = PBXFileReference; lastKnownFileType = sourcecode.swift; path = SecondViewController.swift; sourceTree = "<group>"; };
		4D1A77232052C2DD00162459 /* Base */ = {isa = PBXFileReference; lastKnownFileType = file.storyboard; name = Base; path = Base.lproj/Main.storyboard; sourceTree = "<group>"; };
		4D1A77252052C2DD00162459 /* Assets.xcassets */ = {isa = PBXFileReference; lastKnownFileType = folder.assetcatalog; path = Assets.xcassets; sourceTree = "<group>"; };
		4D1A77282052C2DD00162459 /* Base */ = {isa = PBXFileReference; lastKnownFileType = file.storyboard; name = Base; path = Base.lproj/LaunchScreen.storyboard; sourceTree = "<group>"; };
		4D1A772A2052C2DD00162459 /* Info.plist */ = {isa = PBXFileReference; lastKnownFileType = text.plist.xml; path = Info.plist; sourceTree = "<group>"; };
		4DAE9909205431C4004EC74B /* Course.xib */ = {isa = PBXFileReference; lastKnownFileType = file.xib; path = Course.xib; sourceTree = "<group>"; };
		4DAE990B205434B6004EC74B /* CourseCell.swift */ = {isa = PBXFileReference; lastKnownFileType = sourcecode.swift; path = CourseCell.swift; sourceTree = "<group>"; };
/* End PBXFileReference section */

/* Begin PBXFrameworksBuildPhase section */
		4D1A77162052C2DD00162459 /* Frameworks */ = {
			isa = PBXFrameworksBuildPhase;
			buildActionMask = 2147483647;
			files = (
			);
			runOnlyForDeploymentPostprocessing = 0;
		};
/* End PBXFrameworksBuildPhase section */

/* Begin PBXGroup section */
		4D1A77102052C2DD00162459 = {
			isa = PBXGroup;
			children = (
				4D1A771B2052C2DD00162459 /* Mimo */,
				4D1A771A2052C2DD00162459 /* Products */,
			);
			sourceTree = "<group>";
		};
		4D1A771A2052C2DD00162459 /* Products */ = {
			isa = PBXGroup;
			children = (
				4D1A77192052C2DD00162459 /* Mimo.app */,
			);
			name = Products;
			sourceTree = "<group>";
		};
		4D1A771B2052C2DD00162459 /* Mimo */ = {
			isa = PBXGroup;
			children = (
				4D1A771C2052C2DD00162459 /* AppDelegate.swift */,
				4D1A771E2052C2DD00162459 /* ExploreController.swift */,
				4D1A77202052C2DD00162459 /* SecondViewController.swift */,
				4D1A77222052C2DD00162459 /* Main.storyboard */,
				4D1A77252052C2DD00162459 /* Assets.xcassets */,
				4D1A77272052C2DD00162459 /* LaunchScreen.storyboard */,
				4D1A772A2052C2DD00162459 /* Info.plist */,
				4DAE9909205431C4004EC74B /* Course.xib */,
				4DAE990B205434B6004EC74B /* CourseCell.swift */,
			);
			path = Mimo;
			sourceTree = "<group>";
		};
/* End PBXGroup section */

/* Begin PBXNativeTarget section */
		4D1A77182052C2DD00162459 /* Mimo */ = {
			isa = PBXNativeTarget;
			buildConfigurationList = 4D1A772D2052C2DD00162459 /* Build configuration list for PBXNativeTarget "Mimo" */;
			buildPhases = (
				4D1A77152052C2DD00162459 /* Sources */,
				4D1A77162052C2DD00162459 /* Frameworks */,
				4D1A77172052C2DD00162459 /* Resources */,
			);
			buildRules = (
			);
			dependencies = (
			);
			name = Mimo;
			productName = Mimo;
			productReference = 4D1A77192052C2DD00162459 /* Mimo.app */;
			productType = "com.apple.product-type.application";
		};
/* End PBXNativeTarget section */

/* Begin PBXProject section */
		4D1A77112052C2DD00162459 /* Project object */ = {
			isa = PBXProject;
			attributes = {
				LastSwiftUpdateCheck = 0920;
				LastUpgradeCheck = 0920;
				ORGANIZATIONNAME = "Higher Visibility";
				TargetAttributes = {
					4D1A77182052C2DD00162459 = {
						CreatedOnToolsVersion = 9.2;
						ProvisioningStyle = Automatic;
					};
				};
			};
			buildConfigurationList = 4D1A77142052C2DD00162459 /* Build configuration list for PBXProject "Mimo" */;
			compatibilityVersion = "Xcode 8.0";
			developmentRegion = en;
			hasScannedForEncodings = 0;
			knownRegions = (
				en,
				Base,
			);
			mainGroup = 4D1A77102052C2DD00162459;
			productRefGroup = 4D1A771A2052C2DD00162459 /* Products */;
			projectDirPath = "";
			projectRoot = "";
			targets = (
				4D1A77182052C2DD00162459 /* Mimo */,
			);
		};
/* End PBXProject section */

/* Begin PBXResourcesBuildPhase section */
		4D1A77172052C2DD00162459 /* Resources */ = {
			isa = PBXResourcesBuildPhase;
			buildActionMask = 2147483647;
			files = (
				4DAE990A205431C4004EC74B /* Course.xib in Resources */,
				4D1A77292052C2DD00162459 /* LaunchScreen.storyboard in Resources */,
				4D1A77262052C2DD00162459 /* Assets.xcassets in Resources */,
				4D1A77242052C2DD00162459 /* Main.storyboard in Resources */,
			);
			runOnlyForDeploymentPostprocessing = 0;
		};
/* End PBXResourcesBuildPhase section */

/* Begin PBXSourcesBuildPhase section */
		4D1A77152052C2DD00162459 /* Sources */ = {
			isa = PBXSourcesBuildPhase;
			buildActionMask = 2147483647;
			files = (
				4DAE990C205434B6004EC74B /* CourseCell.swift in Sources */,
				4D1A77212052C2DD00162459 /* SecondViewController.swift in Sources */,
				4D1A771D2052C2DD00162459 /* AppDelegate.swift in Sources */,
				4D1A771F2052C2DD00162459 /* ExploreController.swift in Sources */,
			);
			runOnlyForDeploymentPostprocessing = 0;
		};
/* End PBXSourcesBuildPhase section */

/* Begin PBXVariantGroup section */
		4D1A77222052C2DD00162459 /* Main.storyboard */ = {
			isa = PBXVariantGroup;
			children = (
				4D1A77232052C2DD00162459 /* Base */,
			);
			name = Main.storyboard;
			sourceTree = "<group>";
		};
		4D1A77272052C2DD00162459 /* LaunchScreen.storyboard */ = {
			isa = PBXVariantGroup;
			children = (
				4D1A77282052C2DD00162459 /* Base */,
			);
			name = LaunchScreen.storyboard;
			sourceTree = "<group>";
		};
/* End PBXVariantGroup section */

/* Begin XCBuildConfiguration section */
		4D1A772B2052C2DD00162459 /* Debug */ = {
			isa = XCBuildConfiguration;
			buildSettings = {
				ALWAYS_SEARCH_USER_PATHS = NO;
				CLANG_ANALYZER_NONNULL = YES;
				CLANG_ANALYZER_NUMBER_OBJECT_CONVERSION = YES_AGGRESSIVE;
				CLANG_CXX_LANGUAGE_STANDARD = "gnu++14";
				CLANG_CXX_LIBRARY = "libc++";
				CLANG_ENABLE_MODULES = YES;
				CLANG_ENABLE_OBJC_ARC = YES;
				CLANG_WARN_BLOCK_CAPTURE_AUTORELEASING = YES;
				CLANG_WARN_BOOL_CONVERSION = YES;
				CLANG_WARN_COMMA = YES;
				CLANG_WARN_CONSTANT_CONVERSION = YES;
				CLANG_WARN_DIRECT_OBJC_ISA_USAGE = YES_ERROR;
				CLANG_WARN_DOCUMENTATION_COMMENTS = YES;
				CLANG_WARN_EMPTY_BODY = YES;
				CLANG_WARN_ENUM_CONVERSION = YES;
				CLANG_WARN_INFINITE_RECURSION = YES;
				CLANG_WARN_INT_CONVERSION = YES;
				CLANG_WARN_NON_LITERAL_NULL_CONVERSION = YES;
				CLANG_WARN_OBJC_LITERAL_CONVERSION = YES;
				CLANG_WARN_OBJC_ROOT_CLASS = YES_ERROR;
				CLANG_WARN_RANGE_LOOP_ANALYSIS = YES;
				CLANG_WARN_STRICT_PROTOTYPES = YES;
				CLANG_WARN_SUSPICIOUS_MOVE = YES;
				CLANG_WARN_UNGUARDED_AVAILABILITY = YES_AGGRESSIVE;
				CLANG_WARN_UNREACHABLE_CODE = YES;
				CLANG_WARN__DUPLICATE_METHOD_MATCH = YES;
				CODE_SIGN_IDENTITY = "iPhone Developer";
				COPY_PHASE_STRIP = NO;
				DEBUG_INFORMATION_FORMAT = dwarf;
				ENABLE_STRICT_OBJC_MSGSEND = YES;
				ENABLE_TESTABILITY = YES;
				GCC_C_LANGUAGE_STANDARD = gnu11;
				GCC_DYNAMIC_NO_PIC = NO;
				GCC_NO_COMMON_BLOCKS = YES;
				GCC_OPTIMIZATION_LEVEL = 0;
				GCC_PREPROCESSOR_DEFINITIONS = (
					"DEBUG=1",
					"$(inherited)",
				);
				GCC_WARN_64_TO_32_BIT_CONVERSION = YES;
				GCC_WARN_ABOUT_RETURN_TYPE = YES_ERROR;
				GCC_WARN_UNDECLARED_SELECTOR = YES;
				GCC_WARN_UNINITIALIZED_AUTOS = YES_AGGRESSIVE;
				GCC_WARN_UNUSED_FUNCTION = YES;
				GCC_WARN_UNUSED_VARIABLE = YES;
				IPHONEOS_DEPLOYMENT_TARGET = 11.2;
				MTL_ENABLE_DEBUG_INFO = YES;
				ONLY_ACTIVE_ARCH = YES;
				SDKROOT = iphoneos;
				SWIFT_ACTIVE_COMPILATION_CONDITIONS = DEBUG;
				SWIFT_OPTIMIZATION_LEVEL = "-Onone";
			};
			name = Debug;
		};
		4D1A772C2052C2DD00162459 /* Release */ = {
			isa = XCBuildConfiguration;
			buildSettings = {
				ALWAYS_SEARCH_USER_PATHS = NO;
				CLANG_ANALYZER_NONNULL = YES;
				CLANG_ANALYZER_NUMBER_OBJECT_CONVERSION = YES_AGGRESSIVE;
				CLANG_CXX_LANGUAGE_STANDARD = "gnu++14";
				CLANG_CXX_LIBRARY = "libc++";
				CLANG_ENABLE_MODULES = YES;
				CLANG_ENABLE_OBJC_ARC = YES;
				CLANG_WARN_BLOCK_CAPTURE_AUTORELEASING = YES;
				CLANG_WARN_BOOL_CONVERSION = YES;
				CLANG_WARN_COMMA = YES;
				CLANG_WARN_CONSTANT_CONVERSION = YES;
				CLANG_WARN_DIRECT_OBJC_ISA_USAGE = YES_ERROR;
				CLANG_WARN_DOCUMENTATION_COMMENTS = YES;
				CLANG_WARN_EMPTY_BODY = YES;
				CLANG_WARN_ENUM_CONVERSION = YES;
				CLANG_WARN_INFINITE_RECURSION = YES;
				CLANG_WARN_INT_CONVERSION = YES;
				CLANG_WARN_NON_LITERAL_NULL_CONVERSION = YES;
				CLANG_WARN_OBJC_LITERAL_CONVERSION = YES;
				CLANG_WARN_OBJC_ROOT_CLASS = YES_ERROR;
				CLANG_WARN_RANGE_LOOP_ANALYSIS = YES;
				CLANG_WARN_STRICT_PROTOTYPES = YES;
				CLANG_WARN_SUSPICIOUS_MOVE = YES;
				CLANG_WARN_UNGUARDED_AVAILABILITY = YES_AGGRESSIVE;
				CLANG_WARN_UNREACHABLE_CODE = YES;
				CLANG_WARN__DUPLICATE_METHOD_MATCH = YES;
				CODE_SIGN_IDENTITY = "iPhone Developer";
				COPY_PHASE_STRIP = NO;
				DEBUG_INFORMATION_FORMAT = "dwarf-with-dsym";
				ENABLE_NS_ASSERTIONS = NO;
				ENABLE_STRICT_OBJC_MSGSEND = YES;
				GCC_C_LANGUAGE_STANDARD = gnu11;
				GCC_NO_COMMON_BLOCKS = YES;
				GCC_WARN_64_TO_32_BIT_CONVERSION = YES;
				GCC_WARN_ABOUT_RETURN_TYPE = YES_ERROR;
				GCC_WARN_UNDECLARED_SELECTOR = YES;
				GCC_WARN_UNINITIALIZED_AUTOS = YES_AGGRESSIVE;
				GCC_WARN_UNUSED_FUNCTION = YES;
				GCC_WARN_UNUSED_VARIABLE = YES;
				IPHONEOS_DEPLOYMENT_TARGET = 11.2;
				MTL_ENABLE_DEBUG_INFO = NO;
				SDKROOT = iphoneos;
				SWIFT_OPTIMIZATION_LEVEL = "-Owholemodule";
				VALIDATE_PRODUCT = YES;
			};
			name = Release;
		};
		4D1A772E2052C2DD00162459 /* Debug */ = {
			isa = XCBuildConfiguration;
			buildSettings = {
				ASSETCATALOG_COMPILER_APPICON_NAME = AppIcon;
				CODE_SIGN_STYLE = Automatic;
				DEVELOPMENT_TEAM = 8GWSL85966;
				INFOPLIST_FILE = Mimo/Info.plist;
				LD_RUNPATH_SEARCH_PATHS = "$(inherited) @executable_path/Frameworks";
				PRODUCT_BUNDLE_IDENTIFIER = com.higherVisibility.Mimo;
				PRODUCT_NAME = "$(TARGET_NAME)";
				SWIFT_VERSION = 4.0;
				TARGETED_DEVICE_FAMILY = "1,2";
			};
			name = Debug;
		};
		4D1A772F2052C2DD00162459 /* Release */ = {
			isa = XCBuildConfiguration;
			buildSettings = {
				ASSETCATALOG_COMPILER_APPICON_NAME = AppIcon;
				CODE_SIGN_STYLE = Automatic;
				DEVELOPMENT_TEAM = 8GWSL85966;
				INFOPLIST_FILE = Mimo/Info.plist;
				LD_RUNPATH_SEARCH_PATHS = "$(inherited) @executable_path/Frameworks";
				PRODUCT_BUNDLE_IDENTIFIER = com.higherVisibility.Mimo;
				PRODUCT_NAME = "$(TARGET_NAME)";
				SWIFT_VERSION = 4.0;
				TARGETED_DEVICE_FAMILY = "1,2";
			};
			name = Release;
		};
/* End XCBuildConfiguration section */

/* Begin XCConfigurationList section */
		4D1A77142052C2DD00162459 /* Build configuration list for PBXProject "Mimo" */ = {
			isa = XCConfigurationList;
			buildConfigurations = (
				4D1A772B2052C2DD00162459 /* Debug */,
				4D1A772C2052C2DD00162459 /* Release */,
			);
			defaultConfigurationIsVisible = 0;
			defaultConfigurationName = Release;
		};
		4D1A772D2052C2DD00162459 /* Build configuration list for PBXNativeTarget "Mimo" */ = {
			isa = XCConfigurationList;
			buildConfigurations = (
				4D1A772E2052C2DD00162459 /* Debug */,
				4D1A772F2052C2DD00162459 /* Release */,
			);
			defaultConfigurationIsVisible = 0;
			defaultConfigurationName = Release;
		};
/* End XCConfigurationList section */
	};
	rootObject = 4D1A77112052C2DD00162459 /* Project object */;
}
